
Microsoft Visual Studio Solution File, Format Version 12.00
# Visual Studio 14
VisualStudioVersion = 14.0.24720.0
MinimumVisualStudioVersion = 10.0.40219.1
Project("{FAE04EC0-301F-11D3-BF4B-00C04F79EFBC}") = "Pag259_GerenciadorColmeia", "..\Exercicios_HeadFirst_CSharp\Pag259_GerenciadorColmeia\Pag259_GerenciadorColmeia.csproj", "{ECA2032C-0C29-4BF4-BF86-9B30A90B7E89}"
EndProject
Global
	GlobalSection(SolutionConfigurationPlatforms) = preSolution
		Debug|Any CPU = Debug|Any CPU
		Release|Any CPU = Release|Any CPU
	EndGlobalSection
	GlobalSection(ProjectConfigurationPlatforms) = postSolution
		{ECA2032C-0C29-4BF4-BF86-9B30A90B7E89}.Debug|Any CPU.ActiveCfg = Debug|Any CPU
		{ECA2032C-0C29-4BF4-BF86-9B30A90B7E89}.Debug|Any CPU.Build.0 = Debug|Any CPU
		{ECA2032C-0C29-4BF4-BF86-9B30A90B7E89}.Release|Any CPU.ActiveCfg = Release|Any CPU
		{ECA2032C-0C29-4BF4-BF86-9B30A90B7E89}.Release|Any CPU.Build.0 = Release|Any CPU
	EndGlobalSection
	GlobalSection(SolutionProperties) = preSolution
		HideSolutionNode = FALSE
	EndGlobalSection
EndGlobal
